// !$*UTF8*$!
{
	archiveVersion = 1;
	classes = {
	};
	objectVersion = 46;
	objects = {

/* Begin PBXBuildFile section */
		C70620591C0807E8006D0E5C /* main.m in Sources */ = {isa = PBXBuildFile; fileRef = C70620581C0807E8006D0E5C /* main.m */; };
		C706205C1C0807E8006D0E5C /* AppDelegate.m in Sources */ = {isa = PBXBuildFile; fileRef = C706205B1C0807E8006D0E5C /* AppDelegate.m */; };
		C706205F1C0807E8006D0E5C /* ViewController.m in Sources */ = {isa = PBXBuildFile; fileRef = C706205E1C0807E8006D0E5C /* ViewController.m */; };
		C70620621C0807E8006D0E5C /* Main.storyboard in Resources */ = {isa = PBXBuildFile; fileRef = C70620601C0807E8006D0E5C /* Main.storyboard */; };
		C70620641C0807E8006D0E5C /* Assets.xcassets in Resources */ = {isa = PBXBuildFile; fileRef = C70620631C0807E8006D0E5C /* Assets.xcassets */; };
		C70620671C0807E8006D0E5C /* LaunchScreen.storyboard in Resources */ = {isa = PBXBuildFile; fileRef = C70620651C0807E8006D0E5C /* LaunchScreen.storyboard */; };
		C706206F1C0807FF006D0E5C /* AVFoundation.framework in Frameworks */ = {isa = PBXBuildFile; fileRef = C706206E1C0807FF006D0E5C /* AVFoundation.framework */; };
		C70620A11C080829006D0E5C /* 1.wav in Resources */ = {isa = PBXBuildFile; fileRef = C70620701C080829006D0E5C /* 1.wav */; };
		C70620A21C080829006D0E5C /* 2.wav in Resources */ = {isa = PBXBuildFile; fileRef = C70620711C080829006D0E5C /* 2.wav */; };
		C70620A31C080829006D0E5C /* 3.wav in Resources */ = {isa = PBXBuildFile; fileRef = C70620721C080829006D0E5C /* 3.wav */; };
		C70620A41C080829006D0E5C /* 4.wav in Resources */ = {isa = PBXBuildFile; fileRef = C70620731C080829006D0E5C /* 4.wav */; };
		C70620A51C080829006D0E5C /* 5.wav in Resources */ = {isa = PBXBuildFile; fileRef = C70620741C080829006D0E5C /* 5.wav */; };
		C70620A61C080829006D0E5C /* 6.wav in Resources */ = {isa = PBXBuildFile; fileRef = C70620751C080829006D0E5C /* 6.wav */; };
		C70620A71C080829006D0E5C /* 7.wav in Resources */ = {isa = PBXBuildFile; fileRef = C70620761C080829006D0E5C /* 7.wav */; };
		C70620A81C080829006D0E5C /* 8.wav in Resources */ = {isa = PBXBuildFile; fileRef = C70620771C080829006D0E5C /* 8.wav */; };
		C70620A91C080829006D0E5C /* 9.wav in Resources */ = {isa = PBXBuildFile; fileRef = C70620781C080829006D0E5C /* 9.wav */; };
		C70620AA1C080829006D0E5C /* 10.wav in Resources */ = {isa = PBXBuildFile; fileRef = C70620791C080829006D0E5C /* 10.wav */; };
		C70620AB1C080829006D0E5C /* 11.wav in Resources */ = {isa = PBXBuildFile; fileRef = C706207A1C080829006D0E5C /* 11.wav */; };
		C70620AC1C080829006D0E5C /* 12.wav in Resources */ = {isa = PBXBuildFile; fileRef = C706207B1C080829006D0E5C /* 12.wav */; };
		C70620AD1C080829006D0E5C /* 13.wav in Resources */ = {isa = PBXBuildFile; fileRef = C706207C1C080829006D0E5C /* 13.wav */; };
		C70620AE1C080829006D0E5C /* 14.wav in Resources */ = {isa = PBXBuildFile; fileRef = C706207D1C080829006D0E5C /* 14.wav */; };
		C70620AF1C080829006D0E5C /* 15.wav in Resources */ = {isa = PBXBuildFile; fileRef = C706207E1C080829006D0E5C /* 15.wav */; };
		C70620B01C080829006D0E5C /* 16.wav in Resources */ = {isa = PBXBuildFile; fileRef = C706207F1C080829006D0E5C /* 16.wav */; };
		C70620B11C080829006D0E5C /* 17.wav in Resources */ = {isa = PBXBuildFile; fileRef = C70620801C080829006D0E5C /* 17.wav */; };
		C70620B21C080829006D0E5C /* 18.wav in Resources */ = {isa = PBXBuildFile; fileRef = C70620811C080829006D0E5C /* 18.wav */; };
		C70620B31C080829006D0E5C /* 19.wav in Resources */ = {isa = PBXBuildFile; fileRef = C70620821C080829006D0E5C /* 19.wav */; };
		C70620B41C080829006D0E5C /* 20.wav in Resources */ = {isa = PBXBuildFile; fileRef = C70620831C080829006D0E5C /* 20.wav */; };
		C70620B51C080829006D0E5C /* 21.wav in Resources */ = {isa = PBXBuildFile; fileRef = C70620841C080829006D0E5C /* 21.wav */; };
		C70620B61C080829006D0E5C /* 22.wav in Resources */ = {isa = PBXBuildFile; fileRef = C70620851C080829006D0E5C /* 22.wav */; };
		C70620B71C080829006D0E5C /* 23.wav in Resources */ = {isa = PBXBuildFile; fileRef = C70620861C080829006D0E5C /* 23.wav */; };
		C70620B81C080829006D0E5C /* 24.wav in Resources */ = {isa = PBXBuildFile; fileRef = C70620871C080829006D0E5C /* 24.wav */; };
		C70620B91C080829006D0E5C /* 25.wav in Resources */ = {isa = PBXBuildFile; fileRef = C70620881C080829006D0E5C /* 25.wav */; };
		C70620BA1C080829006D0E5C /* 26.wav in Resources */ = {isa = PBXBuildFile; fileRef = C70620891C080829006D0E5C /* 26.wav */; };
		C70620BB1C080829006D0E5C /* 27.wav in Resources */ = {isa = PBXBuildFile; fileRef = C706208A1C080829006D0E5C /* 27.wav */; };
		C70620BC1C080829006D0E5C /* 28.wav in Resources */ = {isa = PBXBuildFile; fileRef = C706208B1C080829006D0E5C /* 28.wav */; };
		C70620BD1C080829006D0E5C /* 29.wav in Resources */ = {isa = PBXBuildFile; fileRef = C706208C1C080829006D0E5C /* 29.wav */; };
		C70620BE1C080829006D0E5C /* 30.wav in Resources */ = {isa = PBXBuildFile; fileRef = C706208D1C080829006D0E5C /* 30.wav */; };
		C70620BF1C080829006D0E5C /* 31.wav in Resources */ = {isa = PBXBuildFile; fileRef = C706208E1C080829006D0E5C /* 31.wav */; };
		C70620C01C080829006D0E5C /* 32.wav in Resources */ = {isa = PBXBuildFile; fileRef = C706208F1C080829006D0E5C /* 32.wav */; };
		C70620C11C080829006D0E5C /* 33.wav in Resources */ = {isa = PBXBuildFile; fileRef = C70620901C080829006D0E5C /* 33.wav */; };
		C70620C21C080829006D0E5C /* 34.wav in Resources */ = {isa = PBXBuildFile; fileRef = C70620911C080829006D0E5C /* 34.wav */; };
		C70620C31C080829006D0E5C /* 35.wav in Resources */ = {isa = PBXBuildFile; fileRef = C70620921C080829006D0E5C /* 35.wav */; };
		C70620C41C080829006D0E5C /* 36.wav in Resources */ = {isa = PBXBuildFile; fileRef = C70620931C080829006D0E5C /* 36.wav */; };
		C70620C51C080829006D0E5C /* 37.wav in Resources */ = {isa = PBXBuildFile; fileRef = C70620941C080829006D0E5C /* 37.wav */; };
		C70620C61C080829006D0E5C /* 38.wav in Resources */ = {isa = PBXBuildFile; fileRef = C70620951C080829006D0E5C /* 38.wav */; };
		C70620C71C080829006D0E5C /* 39.wav in Resources */ = {isa = PBXBuildFile; fileRef = C70620961C080829006D0E5C /* 39.wav */; };
		C70620C81C080829006D0E5C /* 40.wav in Resources */ = {isa = PBXBuildFile; fileRef = C70620971C080829006D0E5C /* 40.wav */; };
		C70620C91C080829006D0E5C /* 41.wav in Resources */ = {isa = PBXBuildFile; fileRef = C70620981C080829006D0E5C /* 41.wav */; };
		C70620CA1C080829006D0E5C /* 42.wav in Resources */ = {isa = PBXBuildFile; fileRef = C70620991C080829006D0E5C /* 42.wav */; };
		C70620CB1C080829006D0E5C /* 43.wav in Resources */ = {isa = PBXBuildFile; fileRef = C706209A1C080829006D0E5C /* 43.wav */; };
		C70620CC1C080829006D0E5C /* 44.wav in Resources */ = {isa = PBXBuildFile; fileRef = C706209B1C080829006D0E5C /* 44.wav */; };
		C70620CD1C080829006D0E5C /* 45.wav in Resources */ = {isa = PBXBuildFile; fileRef = C706209C1C080829006D0E5C /* 45.wav */; };
		C70620CE1C080829006D0E5C /* 46.wav in Resources */ = {isa = PBXBuildFile; fileRef = C706209D1C080829006D0E5C /* 46.wav */; };
		C70620CF1C080829006D0E5C /* 47.wav in Resources */ = {isa = PBXBuildFile; fileRef = C706209E1C080829006D0E5C /* 47.wav */; };
		C70620D01C080829006D0E5C /* 48.wav in Resources */ = {isa = PBXBuildFile; fileRef = C706209F1C080829006D0E5C /* 48.wav */; };
		C70620D11C080829006D0E5C /* 49.wav in Resources */ = {isa = PBXBuildFile; fileRef = C70620A01C080829006D0E5C /* 49.wav */; };
/* End PBXBuildFile section */

/* Begin PBXFileReference section */
		C70620541C0807E8006D0E5C /* RahabiOS.app */ = {isa = PBXFileReference; explicitFileType = wrapper.application; includeInIndex = 0; path = RahabiOS.app; sourceTree = BUILT_PRODUCTS_DIR; };
		C70620581C0807E8006D0E5C /* main.m */ = {isa = PBXFileReference; lastKnownFileType = sourcecode.c.objc; path = main.m; sourceTree = "<group>"; };
		C706205A1C0807E8006D0E5C /* AppDelegate.h */ = {isa = PBXFileReference; lastKnownFileType = sourcecode.c.h; path = AppDelegate.h; sourceTree = "<group>"; };
		C706205B1C0807E8006D0E5C /* AppDelegate.m */ = {isa = PBXFileReference; lastKnownFileType = sourcecode.c.objc; path = AppDelegate.m; sourceTree = "<group>"; };
		C706205D1C0807E8006D0E5C /* ViewController.h */ = {isa = PBXFileReference; lastKnownFileType = sourcecode.c.h; path = ViewController.h; sourceTree = "<group>"; };
		C706205E1C0807E8006D0E5C /* ViewController.m */ = {isa = PBXFileReference; lastKnownFileType = sourcecode.c.objc; path = ViewController.m; sourceTree = "<group>"; };
		C70620611C0807E8006D0E5C /* Base */ = {isa = PBXFileReference; lastKnownFileType = file.storyboard; name = Base; path = Base.lproj/Main.storyboard; sourceTree = "<group>"; };
		C70620631C0807E8006D0E5C /* Assets.xcassets */ = {isa = PBXFileReference; lastKnownFileType = folder.assetcatalog; path = Assets.xcassets; sourceTree = "<group>"; };
		C70620661C0807E8006D0E5C /* Base */ = {isa = PBXFileReference; lastKnownFileType = file.storyboard; name = Base; path = Base.lproj/LaunchScreen.storyboard; sourceTree = "<group>"; };
		C70620681C0807E8006D0E5C /* Info.plist */ = {isa = PBXFileReference; lastKnownFileType = text.plist.xml; path = Info.plist; sourceTree = "<group>"; };
		C706206E1C0807FF006D0E5C /* AVFoundation.framework */ = {isa = PBXFileReference; lastKnownFileType = wrapper.framework; name = AVFoundation.framework; path = System/Library/Frameworks/AVFoundation.framework; sourceTree = SDKROOT; };
		C70620701C080829006D0E5C /* 1.wav */ = {isa = PBXFileReference; lastKnownFileType = audio.wav; path = 1.wav; sourceTree = "<group>"; };
		C70620711C080829006D0E5C /* 2.wav */ = {isa = PBXFileReference; lastKnownFileType = audio.wav; path = 2.wav; sourceTree = "<group>"; };
		C70620721C080829006D0E5C /* 3.wav */ = {isa = PBXFileReference; lastKnownFileType = audio.wav; path = 3.wav; sourceTree = "<group>"; };
		C70620731C080829006D0E5C /* 4.wav */ = {isa = PBXFileReference; lastKnownFileType = audio.wav; path = 4.wav; sourceTree = "<group>"; };
		C70620741C080829006D0E5C /* 5.wav */ = {isa = PBXFileReference; lastKnownFileType = audio.wav; path = 5.wav; sourceTree = "<group>"; };
		C70620751C080829006D0E5C /* 6.wav */ = {isa = PBXFileReference; lastKnownFileType = audio.wav; path = 6.wav; sourceTree = "<group>"; };
		C70620761C080829006D0E5C /* 7.wav */ = {isa = PBXFileReference; lastKnownFileType = audio.wav; path = 7.wav; sourceTree = "<group>"; };
		C70620771C080829006D0E5C /* 8.wav */ = {isa = PBXFileReference; lastKnownFileType = audio.wav; path = 8.wav; sourceTree = "<group>"; };
		C70620781C080829006D0E5C /* 9.wav */ = {isa = PBXFileReference; lastKnownFileType = audio.wav; path = 9.wav; sourceTree = "<group>"; };
		C70620791C080829006D0E5C /* 10.wav */ = {isa = PBXFileReference; lastKnownFileType = audio.wav; path = 10.wav; sourceTree = "<group>"; };
		C706207A1C080829006D0E5C /* 11.wav */ = {isa = PBXFileReference; lastKnownFileType = audio.wav; path = 11.wav; sourceTree = "<group>"; };
		C706207B1C080829006D0E5C /* 12.wav */ = {isa = PBXFileReference; lastKnownFileType = audio.wav; path = 12.wav; sourceTree = "<group>"; };
		C706207C1C080829006D0E5C /* 13.wav */ = {isa = PBXFileReference; lastKnownFileType = audio.wav; path = 13.wav; sourceTree = "<group>"; };
		C706207D1C080829006D0E5C /* 14.wav */ = {isa = PBXFileReference; lastKnownFileType = audio.wav; path = 14.wav; sourceTree = "<group>"; };
		C706207E1C080829006D0E5C /* 15.wav */ = {isa = PBXFileReference; lastKnownFileType = audio.wav; path = 15.wav; sourceTree = "<group>"; };
		C706207F1C080829006D0E5C /* 16.wav */ = {isa = PBXFileReference; lastKnownFileType = audio.wav; path = 16.wav; sourceTree = "<group>"; };
		C70620801C080829006D0E5C /* 17.wav */ = {isa = PBXFileReference; lastKnownFileType = audio.wav; path = 17.wav; sourceTree = "<group>"; };
		C70620811C080829006D0E5C /* 18.wav */ = {isa = PBXFileReference; lastKnownFileType = audio.wav; path = 18.wav; sourceTree = "<group>"; };
		C70620821C080829006D0E5C /* 19.wav */ = {isa = PBXFileReference; lastKnownFileType = audio.wav; path = 19.wav; sourceTree = "<group>"; };
		C70620831C080829006D0E5C /* 20.wav */ = {isa = PBXFileReference; lastKnownFileType = audio.wav; path = 20.wav; sourceTree = "<group>"; };
		C70620841C080829006D0E5C /* 21.wav */ = {isa = PBXFileReference; lastKnownFileType = audio.wav; path = 21.wav; sourceTree = "<group>"; };
		C70620851C080829006D0E5C /* 22.wav */ = {isa = PBXFileReference; lastKnownFileType = audio.wav; path = 22.wav; sourceTree = "<group>"; };
		C70620861C080829006D0E5C /* 23.wav */ = {isa = PBXFileReference; lastKnownFileType = audio.wav; path = 23.wav; sourceTree = "<group>"; };
		C70620871C080829006D0E5C /* 24.wav */ = {isa = PBXFileReference; lastKnownFileType = audio.wav; path = 24.wav; sourceTree = "<group>"; };
		C70620881C080829006D0E5C /* 25.wav */ = {isa = PBXFileReference; lastKnownFileType = audio.wav; path = 25.wav; sourceTree = "<group>"; };
		C70620891C080829006D0E5C /* 26.wav */ = {isa = PBXFileReference; lastKnownFileType = audio.wav; path = 26.wav; sourceTree = "<group>"; };
		C706208A1C080829006D0E5C /* 27.wav */ = {isa = PBXFileReference; lastKnownFileType = audio.wav; path = 27.wav; sourceTree = "<group>"; };
		C706208B1C080829006D0E5C /* 28.wav */ = {isa = PBXFileReference; lastKnownFileType = audio.wav; path = 28.wav; sourceTree = "<group>"; };
		C706208C1C080829006D0E5C /* 29.wav */ = {isa = PBXFileReference; lastKnownFileType = audio.wav; path = 29.wav; sourceTree = "<group>"; };
		C706208D1C080829006D0E5C /* 30.wav */ = {isa = PBXFileReference; lastKnownFileType = audio.wav; path = 30.wav; sourceTree = "<group>"; };
		C706208E1C080829006D0E5C /* 31.wav */ = {isa = PBXFileReference; lastKnownFileType = audio.wav; path = 31.wav; sourceTree = "<group>"; };
		C706208F1C080829006D0E5C /* 32.wav */ = {isa = PBXFileReference; lastKnownFileType = audio.wav; path = 32.wav; sourceTree = "<group>"; };
		C70620901C080829006D0E5C /* 33.wav */ = {isa = PBXFileReference; lastKnownFileType = audio.wav; path = 33.wav; sourceTree = "<group>"; };
		C70620911C080829006D0E5C /* 34.wav */ = {isa = PBXFileReference; lastKnownFileType = audio.wav; path = 34.wav; sourceTree = "<group>"; };
		C70620921C080829006D0E5C /* 35.wav */ = {isa = PBXFileReference; lastKnownFileType = audio.wav; path = 35.wav; sourceTree = "<group>"; };
		C70620931C080829006D0E5C /* 36.wav */ = {isa = PBXFileReference; lastKnownFileType = audio.wav; path = 36.wav; sourceTree = "<group>"; };
		C70620941C080829006D0E5C /* 37.wav */ = {isa = PBXFileReference; lastKnownFileType = audio.wav; path = 37.wav; sourceTree = "<group>"; };
		C70620951C080829006D0E5C /* 38.wav */ = {isa = PBXFileReference; lastKnownFileType = audio.wav; path = 38.wav; sourceTree = "<group>"; };
		C70620961C080829006D0E5C /* 39.wav */ = {isa = PBXFileReference; lastKnownFileType = audio.wav; path = 39.wav; sourceTree = "<group>"; };
		C70620971C080829006D0E5C /* 40.wav */ = {isa = PBXFileReference; lastKnownFileType = audio.wav; path = 40.wav; sourceTree = "<group>"; };
		C70620981C080829006D0E5C /* 41.wav */ = {isa = PBXFileReference; lastKnownFileType = audio.wav; path = 41.wav; sourceTree = "<group>"; };
		C70620991C080829006D0E5C /* 42.wav */ = {isa = PBXFileReference; lastKnownFileType = audio.wav; path = 42.wav; sourceTree = "<group>"; };
		C706209A1C080829006D0E5C /* 43.wav */ = {isa = PBXFileReference; lastKnownFileType = audio.wav; path = 43.wav; sourceTree = "<group>"; };
		C706209B1C080829006D0E5C /* 44.wav */ = {isa = PBXFileReference; lastKnownFileType = audio.wav; path = 44.wav; sourceTree = "<group>"; };
		C706209C1C080829006D0E5C /* 45.wav */ = {isa = PBXFileReference; lastKnownFileType = audio.wav; path = 45.wav; sourceTree = "<group>"; };
		C706209D1C080829006D0E5C /* 46.wav */ = {isa = PBXFileReference; lastKnownFileType = audio.wav; path = 46.wav; sourceTree = "<group>"; };
		C706209E1C080829006D0E5C /* 47.wav */ = {isa = PBXFileReference; lastKnownFileType = audio.wav; path = 47.wav; sourceTree = "<group>"; };
		C706209F1C080829006D0E5C /* 48.wav */ = {isa = PBXFileReference; lastKnownFileType = audio.wav; path = 48.wav; sourceTree = "<group>"; };
		C70620A01C080829006D0E5C /* 49.wav */ = {isa = PBXFileReference; lastKnownFileType = audio.wav; path = 49.wav; sourceTree = "<group>"; };
/* End PBXFileReference section */

/* Begin PBXFrameworksBuildPhase section */
		C70620511C0807E8006D0E5C /* Frameworks */ = {
			isa = PBXFrameworksBuildPhase;
			buildActionMask = 2147483647;
			files = (
				C706206F1C0807FF006D0E5C /* AVFoundation.framework in Frameworks */,
			);
			runOnlyForDeploymentPostprocessing = 0;
		};
/* End PBXFrameworksBuildPhase section */

/* Begin PBXGroup section */
		C706204B1C0807E8006D0E5C = {
			isa = PBXGroup;
			children = (
				C706206E1C0807FF006D0E5C /* AVFoundation.framework */,
				C70620561C0807E8006D0E5C /* RahabiOS */,
				C70620551C0807E8006D0E5C /* Products */,
			);
			sourceTree = "<group>";
		};
		C70620551C0807E8006D0E5C /* Products */ = {
			isa = PBXGroup;
			children = (
				C70620541C0807E8006D0E5C /* RahabiOS.app */,
			);
			name = Products;
			sourceTree = "<group>";
		};
		C70620561C0807E8006D0E5C /* RahabiOS */ = {
			isa = PBXGroup;
			children = (
				C706205A1C0807E8006D0E5C /* AppDelegate.h */,
				C706205B1C0807E8006D0E5C /* AppDelegate.m */,
				C706205D1C0807E8006D0E5C /* ViewController.h */,
				C706205E1C0807E8006D0E5C /* ViewController.m */,
				C70620601C0807E8006D0E5C /* Main.storyboard */,
				C70620631C0807E8006D0E5C /* Assets.xcassets */,
				C70620651C0807E8006D0E5C /* LaunchScreen.storyboard */,
				C70620681C0807E8006D0E5C /* Info.plist */,
				C70620571C0807E8006D0E5C /* Supporting Files */,
			);
			path = RahabiOS;
			sourceTree = "<group>";
		};
		C70620571C0807E8006D0E5C /* Supporting Files */ = {
			isa = PBXGroup;
			children = (
				C70620701C080829006D0E5C /* 1.wav */,
				C70620711C080829006D0E5C /* 2.wav */,
				C70620721C080829006D0E5C /* 3.wav */,
				C70620731C080829006D0E5C /* 4.wav */,
				C70620741C080829006D0E5C /* 5.wav */,
				C70620751C080829006D0E5C /* 6.wav */,
				C70620761C080829006D0E5C /* 7.wav */,
				C70620771C080829006D0E5C /* 8.wav */,
				C70620781C080829006D0E5C /* 9.wav */,
				C70620791C080829006D0E5C /* 10.wav */,
				C706207A1C080829006D0E5C /* 11.wav */,
				C706207B1C080829006D0E5C /* 12.wav */,
				C706207C1C080829006D0E5C /* 13.wav */,
				C706207D1C080829006D0E5C /* 14.wav */,
				C706207E1C080829006D0E5C /* 15.wav */,
				C706207F1C080829006D0E5C /* 16.wav */,
				C70620801C080829006D0E5C /* 17.wav */,
				C70620811C080829006D0E5C /* 18.wav */,
				C70620821C080829006D0E5C /* 19.wav */,
				C70620831C080829006D0E5C /* 20.wav */,
				C70620841C080829006D0E5C /* 21.wav */,
				C70620851C080829006D0E5C /* 22.wav */,
				C70620861C080829006D0E5C /* 23.wav */,
				C70620871C080829006D0E5C /* 24.wav */,
				C70620881C080829006D0E5C /* 25.wav */,
				C70620891C080829006D0E5C /* 26.wav */,
				C706208A1C080829006D0E5C /* 27.wav */,
				C706208B1C080829006D0E5C /* 28.wav */,
				C706208C1C080829006D0E5C /* 29.wav */,
				C706208D1C080829006D0E5C /* 30.wav */,
				C706208E1C080829006D0E5C /* 31.wav */,
				C706208F1C080829006D0E5C /* 32.wav */,
				C70620901C080829006D0E5C /* 33.wav */,
				C70620911C080829006D0E5C /* 34.wav */,
				C70620921C080829006D0E5C /* 35.wav */,
				C70620931C080829006D0E5C /* 36.wav */,
				C70620941C080829006D0E5C /* 37.wav */,
				C70620951C080829006D0E5C /* 38.wav */,
				C70620961C080829006D0E5C /* 39.wav */,
				C70620971C080829006D0E5C /* 40.wav */,
				C70620981C080829006D0E5C /* 41.wav */,
				C70620991C080829006D0E5C /* 42.wav */,
				C706209A1C080829006D0E5C /* 43.wav */,
				C706209B1C080829006D0E5C /* 44.wav */,
				C706209C1C080829006D0E5C /* 45.wav */,
				C706209D1C080829006D0E5C /* 46.wav */,
				C706209E1C080829006D0E5C /* 47.wav */,
				C706209F1C080829006D0E5C /* 48.wav */,
				C70620A01C080829006D0E5C /* 49.wav */,
				C70620581C0807E8006D0E5C /* main.m */,
			);
			name = "Supporting Files";
			sourceTree = "<group>";
		};
/* End PBXGroup section */

/* Begin PBXNativeTarget section */
		C70620531C0807E8006D0E5C /* RahabiOS */ = {
			isa = PBXNativeTarget;
			buildConfigurationList = C706206B1C0807E8006D0E5C /* Build configuration list for PBXNativeTarget "RahabiOS" */;
			buildPhases = (
				C70620501C0807E8006D0E5C /* Sources */,
				C70620511C0807E8006D0E5C /* Frameworks */,
				C70620521C0807E8006D0E5C /* Resources */,
			);
			buildRules = (
			);
			dependencies = (
			);
			name = RahabiOS;
			productName = RahabiOS;
			productReference = C70620541C0807E8006D0E5C /* RahabiOS.app */;
			productType = "com.apple.product-type.application";
		};
/* End PBXNativeTarget section */

/* Begin PBXProject section */
		C706204C1C0807E8006D0E5C /* Project object */ = {
			isa = PBXProject;
			attributes = {
				LastUpgradeCheck = 0710;
				ORGANIZATIONNAME = saxopon;
				TargetAttributes = {
					C70620531C0807E8006D0E5C = {
						CreatedOnToolsVersion = 7.1.1;
						DevelopmentTeam = P8YLM6AWD9;
					};
				};
			};
			buildConfigurationList = C706204F1C0807E8006D0E5C /* Build configuration list for PBXProject "RahabiOS" */;
			compatibilityVersion = "Xcode 3.2";
			developmentRegion = English;
			hasScannedForEncodings = 0;
			knownRegions = (
				en,
				Base,
			);
			mainGroup = C706204B1C0807E8006D0E5C;
			productRefGroup = C70620551C0807E8006D0E5C /* Products */;
			projectDirPath = "";
			projectRoot = "";
			targets = (
				C70620531C0807E8006D0E5C /* RahabiOS */,
			);
		};
/* End PBXProject section */

/* Begin PBXResourcesBuildPhase section */
		C70620521C0807E8006D0E5C /* Resources */ = {
			isa = PBXResourcesBuildPhase;
			buildActionMask = 2147483647;
			files = (
				C70620C81C080829006D0E5C /* 40.wav in Resources */,
				C70620B31C080829006D0E5C /* 19.wav in Resources */,
				C70620AA1C080829006D0E5C /* 10.wav in Resources */,
				C70620BF1C080829006D0E5C /* 31.wav in Resources */,
				C70620A81C080829006D0E5C /* 8.wav in Resources */,
				C70620CC1C080829006D0E5C /* 44.wav in Resources */,
				C70620CE1C080829006D0E5C /* 46.wav in Resources */,
				C70620A31C080829006D0E5C /* 3.wav in Resources */,
				C70620C01C080829006D0E5C /* 32.wav in Resources */,
				C70620671C0807E8006D0E5C /* LaunchScreen.storyboard in Resources */,
				C70620641C0807E8006D0E5C /* Assets.xcassets in Resources */,
				C70620C11C080829006D0E5C /* 33.wav in Resources */,
				C70620A41C080829006D0E5C /* 4.wav in Resources */,
				C70620C21C080829006D0E5C /* 34.wav in Resources */,
				C70620AD1C080829006D0E5C /* 13.wav in Resources */,
				C70620B01C080829006D0E5C /* 16.wav in Resources */,
				C70620A11C080829006D0E5C /* 1.wav in Resources */,
				C70620A91C080829006D0E5C /* 9.wav in Resources */,
				C70620BA1C080829006D0E5C /* 26.wav in Resources */,
				C70620B21C080829006D0E5C /* 18.wav in Resources */,
				C70620BD1C080829006D0E5C /* 29.wav in Resources */,
				C70620C61C080829006D0E5C /* 38.wav in Resources */,
				C70620BE1C080829006D0E5C /* 30.wav in Resources */,
				C70620B81C080829006D0E5C /* 24.wav in Resources */,
				C70620C51C080829006D0E5C /* 37.wav in Resources */,
				C70620CF1C080829006D0E5C /* 47.wav in Resources */,
				C70620CB1C080829006D0E5C /* 43.wav in Resources */,
				C70620B11C080829006D0E5C /* 17.wav in Resources */,
				C70620BB1C080829006D0E5C /* 27.wav in Resources */,
				C70620B71C080829006D0E5C /* 23.wav in Resources */,
				C70620A21C080829006D0E5C /* 2.wav in Resources */,
				C70620C71C080829006D0E5C /* 39.wav in Resources */,
				C70620A61C080829006D0E5C /* 6.wav in Resources */,
				C70620B61C080829006D0E5C /* 22.wav in Resources */,
				C70620C41C080829006D0E5C /* 36.wav in Resources */,
				C70620C31C080829006D0E5C /* 35.wav in Resources */,
				C70620AC1C080829006D0E5C /* 12.wav in Resources */,
				C70620AB1C080829006D0E5C /* 11.wav in Resources */,
				C70620B41C080829006D0E5C /* 20.wav in Resources */,
				C70620D11C080829006D0E5C /* 49.wav in Resources */,
				C70620A51C080829006D0E5C /* 5.wav in Resources */,
				C70620A71C080829006D0E5C /* 7.wav in Resources */,
				C70620BC1C080829006D0E5C /* 28.wav in Resources */,
				C70620621C0807E8006D0E5C /* Main.storyboard in Resources */,
				C70620B51C080829006D0E5C /* 21.wav in Resources */,
				C70620CA1C080829006D0E5C /* 42.wav in Resources */,
				C70620CD1C080829006D0E5C /* 45.wav in Resources */,
				C70620D01C080829006D0E5C /* 48.wav in Resources */,
				C70620B91C080829006D0E5C /* 25.wav in Resources */,
				C70620AF1C080829006D0E5C /* 15.wav in Resources */,
				C70620AE1C080829006D0E5C /* 14.wav in Resources */,
				C70620C91C080829006D0E5C /* 41.wav in Resources */,
			);
			runOnlyForDeploymentPostprocessing = 0;
		};
/* End PBXResourcesBuildPhase section */

/* Begin PBXSourcesBuildPhase section */
		C70620501C0807E8006D0E5C /* Sources */ = {
			isa = PBXSourcesBuildPhase;
			buildActionMask = 2147483647;
			files = (
				C706205F1C0807E8006D0E5C /* ViewController.m in Sources */,
				C706205C1C0807E8006D0E5C /* AppDelegate.m in Sources */,
				C70620591C0807E8006D0E5C /* main.m in Sources */,
			);
			runOnlyForDeploymentPostprocessing = 0;
		};
/* End PBXSourcesBuildPhase section */

/* Begin PBXVariantGroup section */
		C70620601C0807E8006D0E5C /* Main.storyboard */ = {
			isa = PBXVariantGroup;
			children = (
				C70620611C0807E8006D0E5C /* Base */,
			);
			name = Main.storyboard;
			sourceTree = "<group>";
		};
		C70620651C0807E8006D0E5C /* LaunchScreen.storyboard */ = {
			isa = PBXVariantGroup;
			children = (
				C70620661C0807E8006D0E5C /* Base */,
			);
			name = LaunchScreen.storyboard;
			sourceTree = "<group>";
		};
/* End PBXVariantGroup section */

/* Begin XCBuildConfiguration section */
		C70620691C0807E8006D0E5C /* Debug */ = {
			isa = XCBuildConfiguration;
			buildSettings = {
				ALWAYS_SEARCH_USER_PATHS = NO;
				CLANG_CXX_LANGUAGE_STANDARD = "gnu++0x";
				CLANG_CXX_LIBRARY = "libc++";
				CLANG_ENABLE_MODULES = YES;
				CLANG_ENABLE_OBJC_ARC = YES;
				CLANG_WARN_BOOL_CONVERSION = YES;
				CLANG_WARN_CONSTANT_CONVERSION = YES;
				CLANG_WARN_DIRECT_OBJC_ISA_USAGE = YES_ERROR;
				CLANG_WARN_EMPTY_BODY = YES;
				CLANG_WARN_ENUM_CONVERSION = YES;
				CLANG_WARN_INT_CONVERSION = YES;
				CLANG_WARN_OBJC_ROOT_CLASS = YES_ERROR;
				CLANG_WARN_UNREACHABLE_CODE = YES;
				CLANG_WARN__DUPLICATE_METHOD_MATCH = YES;
				"CODE_SIGN_IDENTITY[sdk=iphoneos*]" = "iPhone Developer";
				COPY_PHASE_STRIP = NO;
				DEBUG_INFORMATION_FORMAT = dwarf;
				ENABLE_STRICT_OBJC_MSGSEND = YES;
				ENABLE_TESTABILITY = YES;
				GCC_C_LANGUAGE_STANDARD = gnu99;
				GCC_DYNAMIC_NO_PIC = NO;
				GCC_NO_COMMON_BLOCKS = YES;
				GCC_OPTIMIZATION_LEVEL = 0;
				GCC_PREPROCESSOR_DEFINITIONS = (
					"DEBUG=1",
					"$(inherited)",
				);
				GCC_WARN_64_TO_32_BIT_CONVERSION = YES;
				GCC_WARN_ABOUT_RETURN_TYPE = YES_ERROR;
				GCC_WARN_UNDECLARED_SELECTOR = YES;
				GCC_WARN_UNINITIALIZED_AUTOS = YES_AGGRESSIVE;
				GCC_WARN_UNUSED_FUNCTION = YES;
				GCC_WARN_UNUSED_VARIABLE = YES;
				IPHONEOS_DEPLOYMENT_TARGET = 9.1;
				MTL_ENABLE_DEBUG_INFO = YES;
				ONLY_ACTIVE_ARCH = YES;
				SDKROOT = iphoneos;
				TARGETED_DEVICE_FAMILY = "1,2";
			};
			name = Debug;
		};
		C706206A1C0807E8006D0E5C /* Release */ = {
			isa = XCBuildConfiguration;
			buildSettings = {
				ALWAYS_SEARCH_USER_PATHS = NO;
				CLANG_CXX_LANGUAGE_STANDARD = "gnu++0x";
				CLANG_CXX_LIBRARY = "libc++";
				CLANG_ENABLE_MODULES = YES;
				CLANG_ENABLE_OBJC_ARC = YES;
				CLANG_WARN_BOOL_CONVERSION = YES;
				CLANG_WARN_CONSTANT_CONVERSION = YES;
				CLANG_WARN_DIRECT_OBJC_ISA_USAGE = YES_ERROR;
				CLANG_WARN_EMPTY_BODY = YES;
				CLANG_WARN_ENUM_CONVERSION = YES;
				CLANG_WARN_INT_CONVERSION = YES;
				CLANG_WARN_OBJC_ROOT_CLASS = YES_ERROR;
				CLANG_WARN_UNREACHABLE_CODE = YES;
				CLANG_WARN__DUPLICATE_METHOD_MATCH = YES;
				"CODE_SIGN_IDENTITY[sdk=iphoneos*]" = "iPhone Developer";
				COPY_PHASE_STRIP = NO;
				DEBUG_INFORMATION_FORMAT = "dwarf-with-dsym";
				ENABLE_NS_ASSERTIONS = NO;
				ENABLE_STRICT_OBJC_MSGSEND = YES;
				GCC_C_LANGUAGE_STANDARD = gnu99;
				GCC_NO_COMMON_BLOCKS = YES;
				GCC_WARN_64_TO_32_BIT_CONVERSION = YES;
				GCC_WARN_ABOUT_RETURN_TYPE = YES_ERROR;
				GCC_WARN_UNDECLARED_SELECTOR = YES;
				GCC_WARN_UNINITIALIZED_AUTOS = YES_AGGRESSIVE;
				GCC_WARN_UNUSED_FUNCTION = YES;
				GCC_WARN_UNUSED_VARIABLE = YES;
				IPHONEOS_DEPLOYMENT_TARGET = 9.1;
				MTL_ENABLE_DEBUG_INFO = NO;
				SDKROOT = iphoneos;
				TARGETED_DEVICE_FAMILY = "1,2";
				VALIDATE_PRODUCT = YES;
			};
			name = Release;
		};
		C706206C1C0807E8006D0E5C /* Debug */ = {
			isa = XCBuildConfiguration;
			buildSettings = {
				ASSETCATALOG_COMPILER_APPICON_NAME = AppIcon;
				INFOPLIST_FILE = RahabiOS/Info.plist;
				LD_RUNPATH_SEARCH_PATHS = "$(inherited) @executable_path/Frameworks";
				PRODUCT_BUNDLE_IDENTIFIER = saxopon.RahabsHerbariumiOS;
				PRODUCT_NAME = "$(TARGET_NAME)";
			};
			name = Debug;
		};
		C706206D1C0807E8006D0E5C /* Release */ = {
			isa = XCBuildConfiguration;
			buildSettings = {
				ASSETCATALOG_COMPILER_APPICON_NAME = AppIcon;
				INFOPLIST_FILE = RahabiOS/Info.plist;
				LD_RUNPATH_SEARCH_PATHS = "$(inherited) @executable_path/Frameworks";
				PRODUCT_BUNDLE_IDENTIFIER = saxopon.RahabsHerbariumiOS;
				PRODUCT_NAME = "$(TARGET_NAME)";
			};
			name = Release;
		};
/* End XCBuildConfiguration section */

/* Begin XCConfigurationList section */
		C706204F1C0807E8006D0E5C /* Build configuration list for PBXProject "RahabiOS" */ = {
			isa = XCConfigurationList;
			buildConfigurations = (
				C70620691C0807E8006D0E5C /* Debug */,
				C706206A1C0807E8006D0E5C /* Release */,
			);
			defaultConfigurationIsVisible = 0;
			defaultConfigurationName = Release;
		};
		C706206B1C0807E8006D0E5C /* Build configuration list for PBXNativeTarget "RahabiOS" */ = {
			isa = XCConfigurationList;
			buildConfigurations = (
				C706206C1C0807E8006D0E5C /* Debug */,
				C706206D1C0807E8006D0E5C /* Release */,
			);
			defaultConfigurationIsVisible = 0;
			defaultConfigurationName = Release;
		};
/* End XCConfigurationList section */
	};
	rootObject = C706204C1C0807E8006D0E5C /* Project object */;
}
